
Microsoft Visual Studio Solution File, Format Version 12.00
# Visual Studio Version 17
VisualStudioVersion = 17.0.31314.256
MinimumVisualStudioVersion = 10.0.40219.1
Project("{2150E333-8FDC-42A3-9474-1A3956D46DE8}") = "Automation", "Automation", "{0BFBE63A-B98A-3411-8EEB-8918FEC737B3}"
EndProject
Project("{2150E333-8FDC-42A3-9474-1A3956D46DE8}") = "Engine", "Engine", "{233774A8-CC9D-3FA9-86D1-90573E92B704}"
EndProject
Project("{2150E333-8FDC-42A3-9474-1A3956D46DE8}") = "Programs", "Programs", "{A338B9E2-A559-34BE-A46D-F789DD488FAD}"
EndProject
Project("{2150E333-8FDC-42A3-9474-1A3956D46DE8}") = "Rules", "Rules", "{C2F57ECE-B26F-39D8-BDA7-C1D40BD8F180}"
EndProject
Project("{2150E333-8FDC-42A3-9474-1A3956D46DE8}") = "Shared", "Shared", "{57713676-9DBE-331C-AD10-26632AC9EE0C}"
EndProject
Project("{2150E333-8FDC-42A3-9474-1A3956D46DE8}") = "UnrealBuildTool.Plugins", "UnrealBuildTool.Plugins", "{7B5CFB44-F0FB-31DF-AE62-C3C096A29A7B}"
EndProject
Project("{8BC9CEB8-8B4A-11D0-8D11-00A0C91BC942}") = "UE5", "Intermediate\ProjectFiles\UE5.vcxproj", "{3EE8782E-6AB1-3814-8F12-8AB0D7D28E62}"
EndProject
Project("{FAE04EC0-301F-11D3-BF4B-00C04F79EFBC}") = "UnrealBuildTool", "C:\Program Files\Epic Games\UE_5.4\Engine\Source\Programs\UnrealBuildTool\UnrealBuildTool.csproj", "{43E57E52-04E5-3257-88A5-50632C412FDC}"
EndProject
Project("{FAE04EC0-301F-11D3-BF4B-00C04F79EFBC}") = "AutomationTool", "C:\Program Files\Epic Games\UE_5.4\Engine\Source\Programs\AutomationTool\AutomationTool.csproj", "{BFE7E08E-7837-341D-BC77-3E71777923FF}"
EndProject
Project("{FAE04EC0-301F-11D3-BF4B-00C04F79EFBC}") = "Android.Automation", "C:\Program Files\Epic Games\UE_5.4\Engine\Source\Programs\AutomationTool\Android\Android.Automation.csproj", "{A589F961-898E-3EBA-91E1-3B8019962EE5}"
EndProject
Project("{FAE04EC0-301F-11D3-BF4B-00C04F79EFBC}") = "Apple.Automation", "C:\Program Files\Epic Games\UE_5.4\Engine\Source\Programs\AutomationTool\Apple\Apple.Automation.csproj", "{DF5C5E19-909F-365D-A6D8-DB22D187EB72}"
EndProject
Project("{FAE04EC0-301F-11D3-BF4B-00C04F79EFBC}") = "AutomationUtils.Automation", "C:\Program Files\Epic Games\UE_5.4\Engine\Source\Programs\AutomationTool\AutomationUtils\AutomationUtils.Automation.csproj", "{D034040A-F317-347E-A81B-DE5A4308E94C}"
EndProject
Project("{FAE04EC0-301F-11D3-BF4B-00C04F79EFBC}") = "BuildGraph.Automation", "C:\Program Files\Epic Games\UE_5.4\Engine\Source\Programs\AutomationTool\BuildGraph\BuildGraph.Automation.csproj", "{57076FBC-3CBF-3D59-81D7-2B052C9A4ABF}"
EndProject
Project("{FAE04EC0-301F-11D3-BF4B-00C04F79EFBC}") = "CookedEditor.Automation", "C:\Program Files\Epic Games\UE_5.4\Engine\Source\Programs\AutomationTool\CookedEditor\CookedEditor.Automation.csproj", "{D32C9219-DCBB-3AF4-BB16-F5539FD023EF}"
EndProject
Project("{FAE04EC0-301F-11D3-BF4B-00C04F79EFBC}") = "CrowdinLocalization.Automation", "C:\Program Files\Epic Games\UE_5.4\Engine\Source\Programs\AutomationTool\CrowdinLocalization\CrowdinLocalization.Automation.csproj", "{6A9855AA-1744-3D80-A76F-DD6D720664DE}"
EndProject
Project("{FAE04EC0-301F-11D3-BF4B-00C04F79EFBC}") = "Gauntlet.Automation", "C:\Program Files\Epic Games\UE_5.4\Engine\Source\Programs\AutomationTool\Gauntlet\Gauntlet.Automation.csproj", "{5FD7ADAB-C355-3595-B9B8-59CD9D8B3522}"
EndProject
Project("{FAE04EC0-301F-11D3-BF4B-00C04F79EFBC}") = "IOS.Automation", "C:\Program Files\Epic Games\UE_5.4\Engine\Source\Programs\AutomationTool\IOS\IOS.Automation.csproj", "{6FC07F62-9C95-3BE7-88BD-6698278B1C2A}"
EndProject
Project("{FAE04EC0-301F-11D3-BF4B-00C04F79EFBC}") = "Linux.Automation", "C:\Program Files\Epic Games\UE_5.4\Engine\Source\Programs\AutomationTool\Linux\Linux.Automation.csproj", "{2488E2C3-DEEA-3AEF-A0E8-6D30B64E4FC2}"
EndProject
Project("{FAE04EC0-301F-11D3-BF4B-00C04F79EFBC}") = "Localization.Automation", "C:\Program Files\Epic Games\UE_5.4\Engine\Source\Programs\AutomationTool\Localization\Localization.Automation.csproj", "{FB71B73F-1CDF-310C-97E3-F48509BD95E6}"
EndProject
Project("{FAE04EC0-301F-11D3-BF4B-00C04F79EFBC}") = "LowLevelTests.Automation", "C:\Program Files\Epic Games\UE_5.4\Engine\Source\Programs\AutomationTool\LowLevelTests\LowLevelTests.Automation.csproj", "{D614D47E-15EB-395E-92FE-9103D3ECEC87}"
EndProject
Project("{FAE04EC0-301F-11D3-BF4B-00C04F79EFBC}") = "Mac.Automation", "C:\Program Files\Epic Games\UE_5.4\Engine\Source\Programs\AutomationTool\Mac\Mac.Automation.csproj", "{2394F351-1451-3CE6-AD6C-88F8494ED347}"
EndProject
Project("{FAE04EC0-301F-11D3-BF4B-00C04F79EFBC}") = "OneSkyLocalization.Automation", "C:\Program Files\Epic Games\UE_5.4\Engine\Source\Programs\AutomationTool\OneSkyLocalization\OneSkyLocalization.Automation.csproj", "{B900E2A0-9249-3C7E-B322-9079936652F3}"
EndProject
Project("{FAE04EC0-301F-11D3-BF4B-00C04F79EFBC}") = "AutomationScripts.Automation", "C:\Program Files\Epic Games\UE_5.4\Engine\Source\Programs\AutomationTool\Scripts\AutomationScripts.Automation.csproj", "{8CD34826-6580-3C58-8E33-39B97714492F}"
EndProject
Project("{FAE04EC0-301F-11D3-BF4B-00C04F79EFBC}") = "SmartlingLocalization.Automation", "C:\Program Files\Epic Games\UE_5.4\Engine\Source\Programs\AutomationTool\SmartlingLocalization\SmartlingLocalization.Automation.csproj", "{BF3D533F-DE13-3ABB-A71A-6EED5310FC22}"
EndProject
Project("{FAE04EC0-301F-11D3-BF4B-00C04F79EFBC}") = "SteamDeck.Automation", "C:\Program Files\Epic Games\UE_5.4\Engine\Source\Programs\AutomationTool\SteamDeck\SteamDeck.Automation.csproj", "{8BE77053-A431-39E8-9BE8-EB652075B8D3}"
EndProject
Project("{FAE04EC0-301F-11D3-BF4B-00C04F79EFBC}") = "TVOS.Automation", "C:\Program Files\Epic Games\UE_5.4\Engine\Source\Programs\AutomationTool\TVOS\TVOS.Automation.csproj", "{625F44D8-435A-350B-90D2-0C9FD88B1A02}"
EndProject
Project("{FAE04EC0-301F-11D3-BF4B-00C04F79EFBC}") = "Turnkey.Automation", "C:\Program Files\Epic Games\UE_5.4\Engine\Source\Programs\AutomationTool\Turnkey\Turnkey.Automation.csproj", "{F5FF918F-3AC8-36D9-B581-89E91EA2F2D0}"
EndProject
Project("{FAE04EC0-301F-11D3-BF4B-00C04F79EFBC}") = "Win.Automation", "C:\Program Files\Epic Games\UE_5.4\Engine\Source\Programs\AutomationTool\Win\Win.Automation.csproj", "{107CCFD7-38D4-3F69-9888-BFDBB2327123}"
EndProject
Project("{FAE04EC0-301F-11D3-BF4B-00C04F79EFBC}") = "XLocLocalization.Automation", "C:\Program Files\Epic Games\UE_5.4\Engine\Source\Programs\AutomationTool\XLocLocalization\XLocLocalization.Automation.csproj", "{C475C301-055A-3664-B0AC-69C6E976B23A}"
EndProject
Project("{FAE04EC0-301F-11D3-BF4B-00C04F79EFBC}") = "VisionOS.Automation", "C:\Program Files\Epic Games\UE_5.4\Engine\Platforms\VisionOS\Source\Programs\AutomationTool\VisionOS.Automation.csproj", "{C1F8D193-FFC0-32CB-BA2B-9DB5716FE3C5}"
EndProject
Project("{FAE04EC0-301F-11D3-BF4B-00C04F79EFBC}") = "ScriptGeneratorUbtPlugin.ubtplugin", "C:\Program Files\Epic Games\UE_5.4\Engine\Plugins\ScriptPlugin\Source\ScriptGeneratorUbtPlugin\ScriptGeneratorUbtPlugin.ubtplugin.csproj", "{C1A415AA-21AB-3E86-831C-7AB6504230F5}"
EndProject
Project("{FAE04EC0-301F-11D3-BF4B-00C04F79EFBC}") = "EpicGames.AspNet", "C:\Program Files\Epic Games\UE_5.4\Engine\Source\Programs\Shared\EpicGames.AspNet\EpicGames.AspNet.csproj", "{7CEA1861-395D-3324-87D8-07F08BA87627}"
EndProject
Project("{FAE04EC0-301F-11D3-BF4B-00C04F79EFBC}") = "EpicGames.Build", "C:\Program Files\Epic Games\UE_5.4\Engine\Source\Programs\Shared\EpicGames.Build\EpicGames.Build.csproj", "{E0302B34-E7F8-3044-845E-FB3E7891E383}"
EndProject
Project("{FAE04EC0-301F-11D3-BF4B-00C04F79EFBC}") = "EpicGames.BuildGraph", "C:\Program Files\Epic Games\UE_5.4\Engine\Source\Programs\Shared\EpicGames.BuildGraph\EpicGames.BuildGraph.csproj", "{4D561E9F-690D-3523-9569-02447B96CB71}"
EndProject
Project("{FAE04EC0-301F-11D3-BF4B-00C04F79EFBC}") = "EpicGames.Core", "C:\Program Files\Epic Games\UE_5.4\Engine\Source\Programs\Shared\EpicGames.Core\EpicGames.Core.csproj", "{4A6787C3-BCFD-3183-A9BA-3C865DED66A6}"
EndProject
Project("{FAE04EC0-301F-11D3-BF4B-00C04F79EFBC}") = "EpicGames.Horde", "C:\Program Files\Epic Games\UE_5.4\Engine\Source\Programs\Shared\EpicGames.Horde\EpicGames.Horde.csproj", "{D54AA9CE-DD1A-359E-98BB-8C9C304A07A3}"
EndProject
Project("{FAE04EC0-301F-11D3-BF4B-00C04F79EFBC}") = "EpicGames.IoHash", "C:\Program Files\Epic Games\UE_5.4\Engine\Source\Programs\Shared\EpicGames.IoHash\EpicGames.IoHash.csproj", "{B6A42E3E-4470-300E-B2BE-829F485953D1}"
EndProject
Project("{FAE04EC0-301F-11D3-BF4B-00C04F79EFBC}") = "EpicGames.Jupiter", "C:\Program Files\Epic Games\UE_5.4\Engine\Source\Programs\Shared\EpicGames.Jupiter\EpicGames.Jupiter.csproj", "{92186E5B-6D47-371B-9E53-9206A2CEA89D}"
EndProject
Project("{FAE04EC0-301F-11D3-BF4B-00C04F79EFBC}") = "EpicGames.MongoDB", "C:\Program Files\Epic Games\UE_5.4\Engine\Source\Programs\Shared\EpicGames.MongoDB\EpicGames.MongoDB.csproj", "{53211AF7-F542-387E-A2DF-A75D2B82F39C}"
EndProject
Project("{FAE04EC0-301F-11D3-BF4B-00C04F79EFBC}") = "EpicGames.MsBuild", "C:\Program Files\Epic Games\UE_5.4\Engine\Source\Programs\Shared\EpicGames.MsBuild\EpicGames.MsBuild.csproj", "{AA0BFCC0-404F-3653-B7F7-9648C8D23C05}"
EndProject
Project("{FAE04EC0-301F-11D3-BF4B-00C04F79EFBC}") = "EpicGames.OIDC", "C:\Program Files\Epic Games\UE_5.4\Engine\Source\Programs\Shared\EpicGames.OIDC\EpicGames.OIDC.csproj", "{A9B62012-4EAF-34A1-9323-E142679B1ACA}"
EndProject
Project("{FAE04EC0-301F-11D3-BF4B-00C04F79EFBC}") = "EpicGames.Oodle", "C:\Program Files\Epic Games\UE_5.4\Engine\Source\Programs\Shared\EpicGames.Oodle\EpicGames.Oodle.csproj", "{A8AC81D3-6265-3755-9147-493C254FF6C4}"
EndProject
Project("{FAE04EC0-301F-11D3-BF4B-00C04F79EFBC}") = "EpicGames.Perforce", "C:\Program Files\Epic Games\UE_5.4\Engine\Source\Programs\Shared\EpicGames.Perforce\EpicGames.Perforce.csproj", "{451D771D-C99E-335B-958A-27F67F58DE8F}"
EndProject
Project("{FAE04EC0-301F-11D3-BF4B-00C04F79EFBC}") = "EpicGames.Perforce.Fixture", "C:\Program Files\Epic Games\UE_5.4\Engine\Source\Programs\Shared\EpicGames.Perforce.Fixture\EpicGames.Perforce.Fixture.csproj", "{4F28FB94-E997-3D55-AB03-CF19DB275D80}"
EndProject
Project("{FAE04EC0-301F-11D3-BF4B-00C04F79EFBC}") = "EpicGames.Perforce.Managed", "C:\Program Files\Epic Games\UE_5.4\Engine\Source\Programs\Shared\EpicGames.Perforce.Managed\EpicGames.Perforce.Managed.csproj", "{1B762D57-1F64-3E71-9C2C-105EAD1D6BF4}"
EndProject
Project("{FAE04EC0-301F-11D3-BF4B-00C04F79EFBC}") = "EpicGames.ProjectStore", "C:\Program Files\Epic Games\UE_5.4\Engine\Source\Programs\Shared\EpicGames.ProjectStore\EpicGames.ProjectStore.csproj", "{59FC365F-CDA3-3A94-827D-67BBF3813353}"
EndProject
Project("{FAE04EC0-301F-11D3-BF4B-00C04F79EFBC}") = "EpicGames.Redis", "C:\Program Files\Epic Games\UE_5.4\Engine\Source\Programs\Shared\EpicGames.Redis\EpicGames.Redis.csproj", "{91FEBD14-808F-38CD-978A-E857A7BAAC5D}"
EndProject
Project("{FAE04EC0-301F-11D3-BF4B-00C04F79EFBC}") = "EpicGames.Serialization", "C:\Program Files\Epic Games\UE_5.4\Engine\Source\Programs\Shared\EpicGames.Serialization\EpicGames.Serialization.csproj", "{5349E287-4240-3E67-9897-FED50C2AE556}"
EndProject
Project("{FAE04EC0-301F-11D3-BF4B-00C04F79EFBC}") = "EpicGames.Slack", "C:\Program Files\Epic Games\UE_5.4\Engine\Source\Programs\Shared\EpicGames.Slack\EpicGames.Slack.csproj", "{79F94956-8D6F-306D-A577-7F99AD139572}"
EndProject
Project("{FAE04EC0-301F-11D3-BF4B-00C04F79EFBC}") = "EpicGames.Tracing", "C:\Program Files\Epic Games\UE_5.4\Engine\Source\Programs\Shared\EpicGames.Tracing\EpicGames.Tracing.csproj", "{B4B0903B-6890-3551-948C-438EA4F2BEB6}"
EndProject
Project("{FAE04EC0-301F-11D3-BF4B-00C04F79EFBC}") = "EpicGames.UBA", "C:\Program Files\Epic Games\UE_5.4\Engine\Source\Programs\Shared\EpicGames.UBA\EpicGames.UBA.csproj", "{59FB50D8-8426-3564-84FA-3E22E00F80FC}"
EndProject
Project("{FAE04EC0-301F-11D3-BF4B-00C04F79EFBC}") = "EpicGames.UHT", "C:\Program Files\Epic Games\UE_5.4\Engine\Source\Programs\Shared\EpicGames.UHT\EpicGames.UHT.csproj", "{7B378AEC-A757-3495-A0F1-03DF2B52CED1}"
EndProject
Project("{FAE04EC0-301F-11D3-BF4B-00C04F79EFBC}") = "MarketplaceRules", "C:\Program Files\Epic Games\UE_5.4\Engine\Intermediate\Build\BuildRulesProjects\MarketplaceRules\MarketplaceRules.csproj", "{6EADC49E-F58F-3355-B653-BBE0487BC032}"
EndProject
Project("{FAE04EC0-301F-11D3-BF4B-00C04F79EFBC}") = "UE5ProgramRules", "C:\Program Files\Epic Games\UE_5.4\Engine\Intermediate\Build\BuildRulesProjects\UE5ProgramRules\UE5ProgramRules.csproj", "{31A51F5F-A35D-3F09-9CDE-A31564BF803C}"
EndProject
Project("{FAE04EC0-301F-11D3-BF4B-00C04F79EFBC}") = "UE5Rules", "C:\Program Files\Epic Games\UE_5.4\Engine\Intermediate\Build\BuildRulesProjects\UE5Rules\UE5Rules.csproj", "{A8675E24-7134-30DD-8AF0-1872B14FCA4D}"
EndProject
Project("{2150E333-8FDC-42A3-9474-1A3956D46DE8}") = "Visualizers", "Visualizers", "{1CCEC849-CC72-4C59-8C36-2F7C38706D4C}"
	ProjectSection(SolutionItems) = preProject
		C:\Program Files\Epic Games\UE_5.4\Engine\Extras\VisualStudioDebugging\Unreal.natvis = C:\Program Files\Epic Games\UE_5.4\Engine\Extras\VisualStudioDebugging\Unreal.natvis
	EndProjectSection
EndProject
Global
	GlobalSection(SolutionConfigurationPlatforms) = preSolution
	EndGlobalSection
	# UnrealVS Section
	GlobalSection(ddbf523f-7eb6-4887-bd51-85a714ff87eb) = preSolution
		AvailablePlatforms=
	EndGlobalSection
	GlobalSection(ProjectConfigurationPlatforms) = postSolution
	EndGlobalSection
	GlobalSection(SolutionProperties) = preSolution
		HideSolutionNode = FALSE
	EndGlobalSection
	GlobalSection(NestedProjects) = preSolution
		{3EE8782E-6AB1-3814-8F12-8AB0D7D28E62} = {233774A8-CC9D-3FA9-86D1-90573E92B704}
		{43E57E52-04E5-3257-88A5-50632C412FDC} = {A338B9E2-A559-34BE-A46D-F789DD488FAD}
		{BFE7E08E-7837-341D-BC77-3E71777923FF} = {A338B9E2-A559-34BE-A46D-F789DD488FAD}
		{0BFBE63A-B98A-3411-8EEB-8918FEC737B3} = {A338B9E2-A559-34BE-A46D-F789DD488FAD}
		{7B5CFB44-F0FB-31DF-AE62-C3C096A29A7B} = {A338B9E2-A559-34BE-A46D-F789DD488FAD}
		{57713676-9DBE-331C-AD10-26632AC9EE0C} = {A338B9E2-A559-34BE-A46D-F789DD488FAD}
		{A589F961-898E-3EBA-91E1-3B8019962EE5} = {0BFBE63A-B98A-3411-8EEB-8918FEC737B3}
		{DF5C5E19-909F-365D-A6D8-DB22D187EB72} = {0BFBE63A-B98A-3411-8EEB-8918FEC737B3}
		{D034040A-F317-347E-A81B-DE5A4308E94C} = {0BFBE63A-B98A-3411-8EEB-8918FEC737B3}
		{57076FBC-3CBF-3D59-81D7-2B052C9A4ABF} = {0BFBE63A-B98A-3411-8EEB-8918FEC737B3}
		{D32C9219-DCBB-3AF4-BB16-F5539FD023EF} = {0BFBE63A-B98A-3411-8EEB-8918FEC737B3}
		{6A9855AA-1744-3D80-A76F-DD6D720664DE} = {0BFBE63A-B98A-3411-8EEB-8918FEC737B3}
		{5FD7ADAB-C355-3595-B9B8-59CD9D8B3522} = {0BFBE63A-B98A-3411-8EEB-8918FEC737B3}
		{6FC07F62-9C95-3BE7-88BD-6698278B1C2A} = {0BFBE63A-B98A-3411-8EEB-8918FEC737B3}
		{2488E2C3-DEEA-3AEF-A0E8-6D30B64E4FC2} = {0BFBE63A-B98A-3411-8EEB-8918FEC737B3}
		{FB71B73F-1CDF-310C-97E3-F48509BD95E6} = {0BFBE63A-B98A-3411-8EEB-8918FEC737B3}
		{D614D47E-15EB-395E-92FE-9103D3ECEC87} = {0BFBE63A-B98A-3411-8EEB-8918FEC737B3}
		{2394F351-1451-3CE6-AD6C-88F8494ED347} = {0BFBE63A-B98A-3411-8EEB-8918FEC737B3}
		{B900E2A0-9249-3C7E-B322-9079936652F3} = {0BFBE63A-B98A-3411-8EEB-8918FEC737B3}
		{8CD34826-6580-3C58-8E33-39B97714492F} = {0BFBE63A-B98A-3411-8EEB-8918FEC737B3}
		{BF3D533F-DE13-3ABB-A71A-6EED5310FC22} = {0BFBE63A-B98A-3411-8EEB-8918FEC737B3}
		{8BE77053-A431-39E8-9BE8-EB652075B8D3} = {0BFBE63A-B98A-3411-8EEB-8918FEC737B3}
		{625F44D8-435A-350B-90D2-0C9FD88B1A02} = {0BFBE63A-B98A-3411-8EEB-8918FEC737B3}
		{F5FF918F-3AC8-36D9-B581-89E91EA2F2D0} = {0BFBE63A-B98A-3411-8EEB-8918FEC737B3}
		{107CCFD7-38D4-3F69-9888-BFDBB2327123} = {0BFBE63A-B98A-3411-8EEB-8918FEC737B3}
		{C475C301-055A-3664-B0AC-69C6E976B23A} = {0BFBE63A-B98A-3411-8EEB-8918FEC737B3}
		{C1F8D193-FFC0-32CB-BA2B-9DB5716FE3C5} = {0BFBE63A-B98A-3411-8EEB-8918FEC737B3}
		{C1A415AA-21AB-3E86-831C-7AB6504230F5} = {7B5CFB44-F0FB-31DF-AE62-C3C096A29A7B}
		{7CEA1861-395D-3324-87D8-07F08BA87627} = {57713676-9DBE-331C-AD10-26632AC9EE0C}
		{E0302B34-E7F8-3044-845E-FB3E7891E383} = {57713676-9DBE-331C-AD10-26632AC9EE0C}
		{4D561E9F-690D-3523-9569-02447B96CB71} = {57713676-9DBE-331C-AD10-26632AC9EE0C}
		{4A6787C3-BCFD-3183-A9BA-3C865DED66A6} = {57713676-9DBE-331C-AD10-26632AC9EE0C}
		{D54AA9CE-DD1A-359E-98BB-8C9C304A07A3} = {57713676-9DBE-331C-AD10-26632AC9EE0C}
		{B6A42E3E-4470-300E-B2BE-829F485953D1} = {57713676-9DBE-331C-AD10-26632AC9EE0C}
		{92186E5B-6D47-371B-9E53-9206A2CEA89D} = {57713676-9DBE-331C-AD10-26632AC9EE0C}
		{53211AF7-F542-387E-A2DF-A75D2B82F39C} = {57713676-9DBE-331C-AD10-26632AC9EE0C}
		{AA0BFCC0-404F-3653-B7F7-9648C8D23C05} = {57713676-9DBE-331C-AD10-26632AC9EE0C}
		{A9B62012-4EAF-34A1-9323-E142679B1ACA} = {57713676-9DBE-331C-AD10-26632AC9EE0C}
		{A8AC81D3-6265-3755-9147-493C254FF6C4} = {57713676-9DBE-331C-AD10-26632AC9EE0C}
		{451D771D-C99E-335B-958A-27F67F58DE8F} = {57713676-9DBE-331C-AD10-26632AC9EE0C}
		{4F28FB94-E997-3D55-AB03-CF19DB275D80} = {57713676-9DBE-331C-AD10-26632AC9EE0C}
		{1B762D57-1F64-3E71-9C2C-105EAD1D6BF4} = {57713676-9DBE-331C-AD10-26632AC9EE0C}
		{59FC365F-CDA3-3A94-827D-67BBF3813353} = {57713676-9DBE-331C-AD10-26632AC9EE0C}
		{91FEBD14-808F-38CD-978A-E857A7BAAC5D} = {57713676-9DBE-331C-AD10-26632AC9EE0C}
		{5349E287-4240-3E67-9897-FED50C2AE556} = {57713676-9DBE-331C-AD10-26632AC9EE0C}
		{79F94956-8D6F-306D-A577-7F99AD139572} = {57713676-9DBE-331C-AD10-26632AC9EE0C}
		{B4B0903B-6890-3551-948C-438EA4F2BEB6} = {57713676-9DBE-331C-AD10-26632AC9EE0C}
		{59FB50D8-8426-3564-84FA-3E22E00F80FC} = {57713676-9DBE-331C-AD10-26632AC9EE0C}
		{7B378AEC-A757-3495-A0F1-03DF2B52CED1} = {57713676-9DBE-331C-AD10-26632AC9EE0C}
		{6EADC49E-F58F-3355-B653-BBE0487BC032} = {C2F57ECE-B26F-39D8-BDA7-C1D40BD8F180}
		{31A51F5F-A35D-3F09-9CDE-A31564BF803C} = {C2F57ECE-B26F-39D8-BDA7-C1D40BD8F180}
		{A8675E24-7134-30DD-8AF0-1872B14FCA4D} = {C2F57ECE-B26F-39D8-BDA7-C1D40BD8F180}
	EndGlobalSection
EndGlobal
